<?xml version="1.0" encoding="utf-8"?>
<Project ToolsVersion="4.0" xmlns="http://schemas.microsoft.com/developer/msbuild/2003">
  <ItemGroup>
    <Filter Include="Source Files">
      <UniqueIdentifier>{4FC737F1-C7A5-4376-A066-2A32D752A2FF}</UniqueIdentifier>
      <Extensions>cpp;c;cc;cxx;c++;cppm;ixx;def;odl;idl;hpj;bat;asm;asmx</Extensions>
    </Filter>
    <Filter Include="Header Files">
      <UniqueIdentifier>{93995380-89BD-4b04-88EB-625FBE52EBFB}</UniqueIdentifier>
      <Extensions>h;hh;hpp;hxx;h++;hm;inl;inc;ipp;xsd</Extensions>
    </Filter>
    <Filter Include="Resource Files">
      <UniqueIdentifier>{67DA6AB6-F800-4c08-8B7A-83BB121AAD01}</UniqueIdentifier>
      <Extensions>rc;ico;cur;bmp;dlg;rc2;rct;bin;rgs;gif;jpg;jpeg;jpe;resx;tiff;tif;png;wav;mfcribbon-ms</Extensions>
    </Filter>
    <Filter Include="Header Files\I_Interfaces">
      <UniqueIdentifier>{a2319703-f4bb-4a45-95f5-2d82d31a14f2}</UniqueIdentifier>
    </Filter>
    <Filter Include="Header Files\B_BaseObjects">
      <UniqueIdentifier>{0c6809ad-a66a-4b71-b891-5406e551b68d}</UniqueIdentifier>
    </Filter>
    <Filter Include="Source Files\B_BaseObjects">
      <UniqueIdentifier>{4cebd01f-3d99-40f6-bdce-4ad60f110624}</UniqueIdentifier>
    </Filter>
    <Filter Include="Header Files\Entitys">
      <UniqueIdentifier>{6c9bde09-3f9b-41ea-bb46-d93ff19936ec}</UniqueIdentifier>
    </Filter>
    <Filter Include="Source Files\Entitys">
      <UniqueIdentifier>{a499d94b-2c45-4e32-bb72-0020e7589c3b}</UniqueIdentifier>
    </Filter>
    <Filter Include="S_States">
      <UniqueIdentifier>{ef89e7bf-0365-4ac8-80f9-700bb3b1f5a8}</UniqueIdentifier>
    </Filter>
    <Filter Include="Header Files\S_States">
      <UniqueIdentifier>{8ec72ec5-815d-4a5a-ba43-29a68781fca3}</UniqueIdentifier>
    </Filter>
  </ItemGroup>
  <ItemGroup>
    <ClCompile Include="main.cpp">
      <Filter>Source Files</Filter>
    </ClCompile>
    <ClCompile Include="Game.cpp">
      <Filter>Source Files</Filter>
    </ClCompile>
    <ClCompile Include="Screen.cpp">
      <Filter>Source Files</Filter>
    </ClCompile>
    <ClCompile Include="Map.cpp">
      <Filter>Source Files</Filter>
    </ClCompile>
    <ClCompile Include="B_BaseTile.cpp">
      <Filter>Source Files\B_BaseObjects</Filter>
    </ClCompile>
    <ClCompile Include="Pellet.cpp">
      <Filter>Source Files\Entitys</Filter>
    </ClCompile>
    <ClCompile Include="GameUI.cpp">
      <Filter>Source Files</Filter>
    </ClCompile>
    <ClCompile Include="B_BaseEntity.cpp">
      <Filter>Source Files\B_BaseObjects</Filter>
    </ClCompile>
    <ClCompile Include="PacMan.cpp">
      <Filter>Source Files\Entitys</Filter>
    </ClCompile>
    <ClCompile Include="Ghost.cpp">
      <Filter>Source Files\Entitys</Filter>
    </ClCompile>
    <ClCompile Include="FSM.cpp">
      <Filter>S_States</Filter>
    </ClCompile>
    <ClCompile Include="B_BaseState.cpp">
      <Filter>Source Files\B_BaseObjects</Filter>
    </ClCompile>
    <ClCompile Include="S_MovementState.cpp">
      <Filter>S_States</Filter>
    </ClCompile>
    <ClCompile Include="EntityFactory.cpp">
      <Filter>Source Files</Filter>
    </ClCompile>
    <ClCompile Include="PowerPellet.cpp">
      <Filter>Source Files</Filter>
    </ClCompile>
  </ItemGroup>
  <ItemGroup>
    <ClInclude Include="Game.h">
      <Filter>Header Files</Filter>
    </ClInclude>
    <ClInclude Include="Screen.h">
      <Filter>Header Files</Filter>
    </ClInclude>
    <ClInclude Include="Map.h">
      <Filter>Header Files</Filter>
    </ClInclude>
    <ClInclude Include="IEntity.h">
      <Filter>Header Files\I_Interfaces</Filter>
    </ClInclude>
    <ClInclude Include="ITile.h">
      <Filter>Header Files\I_Interfaces</Filter>
    </ClInclude>
    <ClInclude Include="B_BaseTile.h">
      <Filter>Header Files\B_BaseObjects</Filter>
    </ClInclude>
    <ClInclude Include="Pellet.h">
      <Filter>Header Files\Entitys</Filter>
    </ClInclude>
    <ClInclude Include="GameUI.h">
      <Filter>Header Files</Filter>
    </ClInclude>
    <ClInclude Include="TileSize.h">
      <Filter>Header Files</Filter>
    </ClInclude>
    <ClInclude Include="B_BaseEntity.h">
      <Filter>Header Files\B_BaseObjects</Filter>
    </ClInclude>
    <ClInclude Include="PacMan.h">
      <Filter>Header Files\Entitys</Filter>
    </ClInclude>
    <ClInclude Include="Ghost.h">
      <Filter>Header Files\Entitys</Filter>
    </ClInclude>
    <ClInclude Include="FSM.h">
      <Filter>Header Files\S_States</Filter>
    </ClInclude>
    <ClInclude Include="IState.h">
      <Filter>Header Files\I_Interfaces</Filter>
    </ClInclude>
    <ClInclude Include="B_BaseState.h">
      <Filter>Header Files\B_BaseObjects</Filter>
    </ClInclude>
    <ClInclude Include="S_MovementState.h">
      <Filter>Header Files\S_States</Filter>
    </ClInclude>
    <ClInclude Include="EntityFactory.h">
      <Filter>Header Files</Filter>
    </ClInclude>
    <ClInclude Include="PowerPellet.h">
      <Filter>Header Files</Filter>
    </ClInclude>
  </ItemGroup>
</Project>